// !$*UTF8*$!
{
	archiveVersion = 1;
	classes = {
	};
	objectVersion = 56;
	objects = {

/* Begin PBXBuildFile section */
		223503172BEE0FCF009A2755 /* Base.swift in Sources */ = {isa = PBXBuildFile; fileRef = 223503162BEE0FCF009A2755 /* Base.swift */; };
		224ACCCF2CDFA99B00EBCD16 /* IncomeCharts.swift in Sources */ = {isa = PBXBuildFile; fileRef = 224ACCCE2CDFA99B00EBCD16 /* IncomeCharts.swift */; };
		224ACCD12CDFA9B700EBCD16 /* SpendCharts.swift in Sources */ = {isa = PBXBuildFile; fileRef = 224ACCD02CDFA9B700EBCD16 /* SpendCharts.swift */; };
		225014A22BF15F7B007BD4A1 /* FinnModel.xcdatamodeld in Sources */ = {isa = PBXBuildFile; fileRef = 225014A02BF15F7B007BD4A1 /* FinnModel.xcdatamodeld */; };
		225014A42BF24857007BD4A1 /* ModelApp.swift in Sources */ = {isa = PBXBuildFile; fileRef = 225014A32BF24857007BD4A1 /* ModelApp.swift */; };
		225014A62BF8B77C007BD4A1 /* IncomeView.swift in Sources */ = {isa = PBXBuildFile; fileRef = 225014A52BF8B77C007BD4A1 /* IncomeView.swift */; };
		225014A82BF8B79C007BD4A1 /* SpendView.swift in Sources */ = {isa = PBXBuildFile; fileRef = 225014A72BF8B79C007BD4A1 /* SpendView.swift */; };
		DB0FA5672BBF25F0009D5248 /* HeaderCellCollectionViewCell.swift in Sources */ = {isa = PBXBuildFile; fileRef = DB0FA5662BBF25F0009D5248 /* HeaderCellCollectionViewCell.swift */; };
		DB0FA5692BBF39CF009D5248 /* HistoryController.swift in Sources */ = {isa = PBXBuildFile; fileRef = DB0FA5682BBF39CF009D5248 /* HistoryController.swift */; };
		DB0FA56B2BBF39E5009D5248 /* SettingsController.swift in Sources */ = {isa = PBXBuildFile; fileRef = DB0FA56A2BBF39E5009D5248 /* SettingsController.swift */; };
		DB0FA56E2BC1B657009D5248 /* Color.swift in Sources */ = {isa = PBXBuildFile; fileRef = DB0FA56D2BC1B656009D5248 /* Color.swift */; };
		DB19A0322B7BEBF2006B44B9 /* AppDelegate.swift in Sources */ = {isa = PBXBuildFile; fileRef = DB19A0312B7BEBF2006B44B9 /* AppDelegate.swift */; };
		DB19A0342B7BEBF2006B44B9 /* SceneDelegate.swift in Sources */ = {isa = PBXBuildFile; fileRef = DB19A0332B7BEBF2006B44B9 /* SceneDelegate.swift */; };
		DB19A0362B7BEBF2006B44B9 /* ViewController.swift in Sources */ = {isa = PBXBuildFile; fileRef = DB19A0352B7BEBF2006B44B9 /* ViewController.swift */; };
		DB19A0392B7BEBF2006B44B9 /* Main.storyboard in Resources */ = {isa = PBXBuildFile; fileRef = DB19A0372B7BEBF2006B44B9 /* Main.storyboard */; };
		DB19A03B2B7BEBF6006B44B9 /* Assets.xcassets in Resources */ = {isa = PBXBuildFile; fileRef = DB19A03A2B7BEBF6006B44B9 /* Assets.xcassets */; };
		DB19A03E2B7BEBF6006B44B9 /* LaunchScreen.storyboard in Resources */ = {isa = PBXBuildFile; fileRef = DB19A03C2B7BEBF6006B44B9 /* LaunchScreen.storyboard */; };
		DB524E692BB0931000AE49E3 /* TopView.swift in Sources */ = {isa = PBXBuildFile; fileRef = DB524E682BB0931000AE49E3 /* TopView.swift */; };
		DBB3EB332B8A55010020C59A /* CollectionViewCell.swift in Sources */ = {isa = PBXBuildFile; fileRef = DBB3EB322B8A55010020C59A /* CollectionViewCell.swift */; };
		DBB3EB392B8A6E710020C59A /* MoneyData.swift in Sources */ = {isa = PBXBuildFile; fileRef = DBB3EB382B8A6E710020C59A /* MoneyData.swift */; };
		DBB3EB3B2B8BBE720020C59A /* HomeViewController.swift in Sources */ = {isa = PBXBuildFile; fileRef = DBB3EB3A2B8BBE720020C59A /* HomeViewController.swift */; };
		DBBD8ADD2BC1E1ED00868858 /* ReportViewController.swift in Sources */ = {isa = PBXBuildFile; fileRef = DBBD8ADC2BC1E1ED00868858 /* ReportViewController.swift */; };
		DBBD8AE32BC8273200868858 /* CustomTabBar.swift in Sources */ = {isa = PBXBuildFile; fileRef = DBBD8AE22BC8273200868858 /* CustomTabBar.swift */; };
		DBBD8B052BCC09CD00868858 /* AddController.swift in Sources */ = {isa = PBXBuildFile; fileRef = DBBD8B042BCC09CD00868858 /* AddController.swift */; };
		DBBD8B072BCC1C9B00868858 /* Cell.swift in Sources */ = {isa = PBXBuildFile; fileRef = DBBD8B062BCC1C9B00868858 /* Cell.swift */; };
		EA57A85685B913FDA9ED1441 /* Pods_FinnApp.framework in Frameworks */ = {isa = PBXBuildFile; fileRef = B710C8FCFFC1D4AA75D1FE20 /* Pods_FinnApp.framework */; };
/* End PBXBuildFile section */

/* Begin PBXFileReference section */
		223503162BEE0FCF009A2755 /* Base.swift */ = {isa = PBXFileReference; lastKnownFileType = sourcecode.swift; path = Base.swift; sourceTree = "<group>"; };
		224ACCCE2CDFA99B00EBCD16 /* IncomeCharts.swift */ = {isa = PBXFileReference; lastKnownFileType = sourcecode.swift; path = IncomeCharts.swift; sourceTree = "<group>"; };
		224ACCD02CDFA9B700EBCD16 /* SpendCharts.swift */ = {isa = PBXFileReference; lastKnownFileType = sourcecode.swift; path = SpendCharts.swift; sourceTree = "<group>"; };
		225014A12BF15F7B007BD4A1 /* FinnModel.xcdatamodel */ = {isa = PBXFileReference; lastKnownFileType = wrapper.xcdatamodel; path = FinnModel.xcdatamodel; sourceTree = "<group>"; };
		225014A32BF24857007BD4A1 /* ModelApp.swift */ = {isa = PBXFileReference; lastKnownFileType = sourcecode.swift; path = ModelApp.swift; sourceTree = "<group>"; };
		225014A52BF8B77C007BD4A1 /* IncomeView.swift */ = {isa = PBXFileReference; lastKnownFileType = sourcecode.swift; path = IncomeView.swift; sourceTree = "<group>"; };
		225014A72BF8B79C007BD4A1 /* SpendView.swift */ = {isa = PBXFileReference; lastKnownFileType = sourcecode.swift; path = SpendView.swift; sourceTree = "<group>"; };
		30178607B989B1E0F526C040 /* Pods-FinnApp.release.xcconfig */ = {isa = PBXFileReference; includeInIndex = 1; lastKnownFileType = text.xcconfig; name = "Pods-FinnApp.release.xcconfig"; path = "Target Support Files/Pods-FinnApp/Pods-FinnApp.release.xcconfig"; sourceTree = "<group>"; };
		B710C8FCFFC1D4AA75D1FE20 /* Pods_FinnApp.framework */ = {isa = PBXFileReference; explicitFileType = wrapper.framework; includeInIndex = 0; path = Pods_FinnApp.framework; sourceTree = BUILT_PRODUCTS_DIR; };
		C3802B23799F197596ABA611 /* Pods-FinnApp.debug.xcconfig */ = {isa = PBXFileReference; includeInIndex = 1; lastKnownFileType = text.xcconfig; name = "Pods-FinnApp.debug.xcconfig"; path = "Target Support Files/Pods-FinnApp/Pods-FinnApp.debug.xcconfig"; sourceTree = "<group>"; };
		DB0FA5662BBF25F0009D5248 /* HeaderCellCollectionViewCell.swift */ = {isa = PBXFileReference; lastKnownFileType = sourcecode.swift; path = HeaderCellCollectionViewCell.swift; sourceTree = "<group>"; };
		DB0FA5682BBF39CF009D5248 /* HistoryController.swift */ = {isa = PBXFileReference; lastKnownFileType = sourcecode.swift; path = HistoryController.swift; sourceTree = "<group>"; };
		DB0FA56A2BBF39E5009D5248 /* SettingsController.swift */ = {isa = PBXFileReference; lastKnownFileType = sourcecode.swift; path = SettingsController.swift; sourceTree = "<group>"; };
		DB0FA56D2BC1B656009D5248 /* Color.swift */ = {isa = PBXFileReference; lastKnownFileType = sourcecode.swift; path = Color.swift; sourceTree = "<group>"; };
		DB19A02E2B7BEBF2006B44B9 /* FinnApp.app */ = {isa = PBXFileReference; explicitFileType = wrapper.application; includeInIndex = 0; path = FinnApp.app; sourceTree = BUILT_PRODUCTS_DIR; };
		DB19A0312B7BEBF2006B44B9 /* AppDelegate.swift */ = {isa = PBXFileReference; lastKnownFileType = sourcecode.swift; path = AppDelegate.swift; sourceTree = "<group>"; };
		DB19A0332B7BEBF2006B44B9 /* SceneDelegate.swift */ = {isa = PBXFileReference; lastKnownFileType = sourcecode.swift; path = SceneDelegate.swift; sourceTree = "<group>"; };
		DB19A0352B7BEBF2006B44B9 /* ViewController.swift */ = {isa = PBXFileReference; lastKnownFileType = sourcecode.swift; path = ViewController.swift; sourceTree = "<group>"; };
		DB19A0382B7BEBF2006B44B9 /* Base */ = {isa = PBXFileReference; lastKnownFileType = file.storyboard; name = Base; path = Base.lproj/Main.storyboard; sourceTree = "<group>"; };
		DB19A03A2B7BEBF6006B44B9 /* Assets.xcassets */ = {isa = PBXFileReference; lastKnownFileType = folder.assetcatalog; path = Assets.xcassets; sourceTree = "<group>"; };
		DB19A03D2B7BEBF6006B44B9 /* Base */ = {isa = PBXFileReference; lastKnownFileType = file.storyboard; name = Base; path = Base.lproj/LaunchScreen.storyboard; sourceTree = "<group>"; };
		DB19A03F2B7BEBF6006B44B9 /* Info.plist */ = {isa = PBXFileReference; lastKnownFileType = text.plist.xml; path = Info.plist; sourceTree = "<group>"; };
		DB524E682BB0931000AE49E3 /* TopView.swift */ = {isa = PBXFileReference; lastKnownFileType = sourcecode.swift; path = TopView.swift; sourceTree = "<group>"; };
		DBB3EB322B8A55010020C59A /* CollectionViewCell.swift */ = {isa = PBXFileReference; lastKnownFileType = sourcecode.swift; path = CollectionViewCell.swift; sourceTree = "<group>"; };
		DBB3EB382B8A6E710020C59A /* MoneyData.swift */ = {isa = PBXFileReference; lastKnownFileType = sourcecode.swift; path = MoneyData.swift; sourceTree = "<group>"; };
		DBB3EB3A2B8BBE720020C59A /* HomeViewController.swift */ = {isa = PBXFileReference; lastKnownFileType = sourcecode.swift; path = HomeViewController.swift; sourceTree = "<group>"; };
		DBBD8ADC2BC1E1ED00868858 /* ReportViewController.swift */ = {isa = PBXFileReference; lastKnownFileType = sourcecode.swift; path = ReportViewController.swift; sourceTree = "<group>"; };
		DBBD8AE22BC8273200868858 /* CustomTabBar.swift */ = {isa = PBXFileReference; lastKnownFileType = sourcecode.swift; path = CustomTabBar.swift; sourceTree = "<group>"; };
		DBBD8B042BCC09CD00868858 /* AddController.swift */ = {isa = PBXFileReference; lastKnownFileType = sourcecode.swift; path = AddController.swift; sourceTree = "<group>"; };
		DBBD8B062BCC1C9B00868858 /* Cell.swift */ = {isa = PBXFileReference; lastKnownFileType = sourcecode.swift; path = Cell.swift; sourceTree = "<group>"; };
/* End PBXFileReference section */

/* Begin PBXFrameworksBuildPhase section */
		DB19A02B2B7BEBF1006B44B9 /* Frameworks */ = {
			isa = PBXFrameworksBuildPhase;
			buildActionMask = 2147483647;
			files = (
				EA57A85685B913FDA9ED1441 /* Pods_FinnApp.framework in Frameworks */,
			);
			runOnlyForDeploymentPostprocessing = 0;
		};
/* End PBXFrameworksBuildPhase section */

/* Begin PBXGroup section */
		866E3D5B59269AA93431012D /* Pods */ = {
			isa = PBXGroup;
			children = (
				C3802B23799F197596ABA611 /* Pods-FinnApp.debug.xcconfig */,
				30178607B989B1E0F526C040 /* Pods-FinnApp.release.xcconfig */,
			);
			path = Pods;
			sourceTree = "<group>";
		};
		DB19A0252B7BEBF1006B44B9 = {
			isa = PBXGroup;
			children = (
				DB19A0302B7BEBF2006B44B9 /* FinnApp */,
				DB19A02F2B7BEBF2006B44B9 /* Products */,
				866E3D5B59269AA93431012D /* Pods */,
				E1D23D4EDBF82237697D8AEF /* Frameworks */,
			);
			sourceTree = "<group>";
		};
		DB19A02F2B7BEBF2006B44B9 /* Products */ = {
			isa = PBXGroup;
			children = (
				DB19A02E2B7BEBF2006B44B9 /* FinnApp.app */,
			);
			name = Products;
			sourceTree = "<group>";
		};
		DB19A0302B7BEBF2006B44B9 /* FinnApp */ = {
			isa = PBXGroup;
			children = (
				DB19A0312B7BEBF2006B44B9 /* AppDelegate.swift */,
				DB19A0332B7BEBF2006B44B9 /* SceneDelegate.swift */,
				DB19A0352B7BEBF2006B44B9 /* ViewController.swift */,
				224ACCCE2CDFA99B00EBCD16 /* IncomeCharts.swift */,
				224ACCD02CDFA9B700EBCD16 /* SpendCharts.swift */,
				DBB3EB3A2B8BBE720020C59A /* HomeViewController.swift */,
				DBBD8AE22BC8273200868858 /* CustomTabBar.swift */,
				DBBD8ADC2BC1E1ED00868858 /* ReportViewController.swift */,
				DBBD8B042BCC09CD00868858 /* AddController.swift */,
				DBBD8B062BCC1C9B00868858 /* Cell.swift */,
				DB0FA5682BBF39CF009D5248 /* HistoryController.swift */,
				DB0FA56A2BBF39E5009D5248 /* SettingsController.swift */,
				DB0FA5662BBF25F0009D5248 /* HeaderCellCollectionViewCell.swift */,
				225014A52BF8B77C007BD4A1 /* IncomeView.swift */,
				225014A72BF8B79C007BD4A1 /* SpendView.swift */,
				DB524E682BB0931000AE49E3 /* TopView.swift */,
				DB0FA56D2BC1B656009D5248 /* Color.swift */,
				DBB3EB322B8A55010020C59A /* CollectionViewCell.swift */,
				223503162BEE0FCF009A2755 /* Base.swift */,
				225014A32BF24857007BD4A1 /* ModelApp.swift */,
				DBB3EB382B8A6E710020C59A /* MoneyData.swift */,
				225014A02BF15F7B007BD4A1 /* FinnModel.xcdatamodeld */,
				DB19A0372B7BEBF2006B44B9 /* Main.storyboard */,
				DB19A03A2B7BEBF6006B44B9 /* Assets.xcassets */,
				DB19A03C2B7BEBF6006B44B9 /* LaunchScreen.storyboard */,
				DB19A03F2B7BEBF6006B44B9 /* Info.plist */,
			);
			path = FinnApp;
			sourceTree = "<group>";
		};
		E1D23D4EDBF82237697D8AEF /* Frameworks */ = {
			isa = PBXGroup;
			children = (
				B710C8FCFFC1D4AA75D1FE20 /* Pods_FinnApp.framework */,
			);
			name = Frameworks;
			sourceTree = "<group>";
		};
/* End PBXGroup section */

/* Begin PBXNativeTarget section */
		DB19A02D2B7BEBF1006B44B9 /* FinnApp */ = {
			isa = PBXNativeTarget;
			buildConfigurationList = DB19A0422B7BEBF6006B44B9 /* Build configuration list for PBXNativeTarget "FinnApp" */;
			buildPhases = (
				930CECDC620A323503796CF4 /* [CP] Check Pods Manifest.lock */,
				DB19A02A2B7BEBF1006B44B9 /* Sources */,
				DB19A02B2B7BEBF1006B44B9 /* Frameworks */,
				DB19A02C2B7BEBF1006B44B9 /* Resources */,
				140A35433CBFE7227DA9025E /* [CP] Embed Pods Frameworks */,
			);
			buildRules = (
			);
			dependencies = (
			);
			name = FinnApp;
			productName = FinnApp;
			productReference = DB19A02E2B7BEBF2006B44B9 /* FinnApp.app */;
			productType = "com.apple.product-type.application";
		};
/* End PBXNativeTarget section */

/* Begin PBXProject section */
		DB19A0262B7BEBF1006B44B9 /* Project object */ = {
			isa = PBXProject;
			attributes = {
				BuildIndependentTargetsInParallel = 1;
				LastSwiftUpdateCheck = 1520;
				LastUpgradeCheck = 1520;
				TargetAttributes = {
					DB19A02D2B7BEBF1006B44B9 = {
						CreatedOnToolsVersion = 15.2;
					};
				};
			};
			buildConfigurationList = DB19A0292B7BEBF1006B44B9 /* Build configuration list for PBXProject "FinnApp" */;
			compatibilityVersion = "Xcode 14.0";
			developmentRegion = en;
			hasScannedForEncodings = 0;
			knownRegions = (
				en,
				Base,
			);
			mainGroup = DB19A0252B7BEBF1006B44B9;
			productRefGroup = DB19A02F2B7BEBF2006B44B9 /* Products */;
			projectDirPath = "";
			projectRoot = "";
			targets = (
				DB19A02D2B7BEBF1006B44B9 /* FinnApp */,
			);
		};
/* End PBXProject section */

/* Begin PBXResourcesBuildPhase section */
		DB19A02C2B7BEBF1006B44B9 /* Resources */ = {
			isa = PBXResourcesBuildPhase;
			buildActionMask = 2147483647;
			files = (
				DB19A03E2B7BEBF6006B44B9 /* LaunchScreen.storyboard in Resources */,
				DB19A03B2B7BEBF6006B44B9 /* Assets.xcassets in Resources */,
				DB19A0392B7BEBF2006B44B9 /* Main.storyboard in Resources */,
			);
			runOnlyForDeploymentPostprocessing = 0;
		};
/* End PBXResourcesBuildPhase section */

/* Begin PBXShellScriptBuildPhase section */
		140A35433CBFE7227DA9025E /* [CP] Embed Pods Frameworks */ = {
			isa = PBXShellScriptBuildPhase;
			buildActionMask = 2147483647;
			files = (
			);
			inputFileListPaths = (
				"${PODS_ROOT}/Target Support Files/Pods-FinnApp/Pods-FinnApp-frameworks-${CONFIGURATION}-input-files.xcfilelist",
			);
			name = "[CP] Embed Pods Frameworks";
			outputFileListPaths = (
				"${PODS_ROOT}/Target Support Files/Pods-FinnApp/Pods-FinnApp-frameworks-${CONFIGURATION}-output-files.xcfilelist",
			);
			runOnlyForDeploymentPostprocessing = 0;
			shellPath = /bin/sh;
			shellScript = "\"${PODS_ROOT}/Target Support Files/Pods-FinnApp/Pods-FinnApp-frameworks.sh\"\n";
			showEnvVarsInLog = 0;
		};
		930CECDC620A323503796CF4 /* [CP] Check Pods Manifest.lock */ = {
			isa = PBXShellScriptBuildPhase;
			buildActionMask = 2147483647;
			files = (
			);
			inputFileListPaths = (
			);
			inputPaths = (
				"${PODS_PODFILE_DIR_PATH}/Podfile.lock",
				"${PODS_ROOT}/Manifest.lock",
			);
			name = "[CP] Check Pods Manifest.lock";
			outputFileListPaths = (
			);
			outputPaths = (
				"$(DERIVED_FILE_DIR)/Pods-FinnApp-checkManifestLockResult.txt",
			);
			runOnlyForDeploymentPostprocessing = 0;
			shellPath = /bin/sh;
			shellScript = "diff \"${PODS_PODFILE_DIR_PATH}/Podfile.lock\" \"${PODS_ROOT}/Manifest.lock\" > /dev/null\nif [ $? != 0 ] ; then\n    # print error to STDERR\n    echo \"error: The sandbox is not in sync with the Podfile.lock. Run 'pod install' or update your CocoaPods installation.\" >&2\n    exit 1\nfi\n# This output is used by Xcode 'outputs' to avoid re-running this script phase.\necho \"SUCCESS\" > \"${SCRIPT_OUTPUT_FILE_0}\"\n";
			showEnvVarsInLog = 0;
		};
/* End PBXShellScriptBuildPhase section */

/* Begin PBXSourcesBuildPhase section */
		DB19A02A2B7BEBF1006B44B9 /* Sources */ = {
			isa = PBXSourcesBuildPhase;
			buildActionMask = 2147483647;
			files = (
				224ACCCF2CDFA99B00EBCD16 /* IncomeCharts.swift in Sources */,
				DB0FA5692BBF39CF009D5248 /* HistoryController.swift in Sources */,
				DBBD8ADD2BC1E1ED00868858 /* ReportViewController.swift in Sources */,
				DBBD8AE32BC8273200868858 /* CustomTabBar.swift in Sources */,
				DB19A0362B7BEBF2006B44B9 /* ViewController.swift in Sources */,
				DB19A0322B7BEBF2006B44B9 /* AppDelegate.swift in Sources */,
				DBBD8B072BCC1C9B00868858 /* Cell.swift in Sources */,
				DBB3EB392B8A6E710020C59A /* MoneyData.swift in Sources */,
				DBBD8B052BCC09CD00868858 /* AddController.swift in Sources */,
				223503172BEE0FCF009A2755 /* Base.swift in Sources */,
				225014A42BF24857007BD4A1 /* ModelApp.swift in Sources */,
				DB0FA5672BBF25F0009D5248 /* HeaderCellCollectionViewCell.swift in Sources */,
				DB0FA56E2BC1B657009D5248 /* Color.swift in Sources */,
				DB0FA56B2BBF39E5009D5248 /* SettingsController.swift in Sources */,
				DBB3EB332B8A55010020C59A /* CollectionViewCell.swift in Sources */,
				DBB3EB3B2B8BBE720020C59A /* HomeViewController.swift in Sources */,
				225014A82BF8B79C007BD4A1 /* SpendView.swift in Sources */,
				DB524E692BB0931000AE49E3 /* TopView.swift in Sources */,
				225014A22BF15F7B007BD4A1 /* FinnModel.xcdatamodeld in Sources */,
				224ACCD12CDFA9B700EBCD16 /* SpendCharts.swift in Sources */,
				DB19A0342B7BEBF2006B44B9 /* SceneDelegate.swift in Sources */,
				225014A62BF8B77C007BD4A1 /* IncomeView.swift in Sources */,
			);
			runOnlyForDeploymentPostprocessing = 0;
		};
/* End PBXSourcesBuildPhase section */

/* Begin PBXVariantGroup section */
		DB19A0372B7BEBF2006B44B9 /* Main.storyboard */ = {
			isa = PBXVariantGroup;
			children = (
				DB19A0382B7BEBF2006B44B9 /* Base */,
			);
			name = Main.storyboard;
			sourceTree = "<group>";
		};
		DB19A03C2B7BEBF6006B44B9 /* LaunchScreen.storyboard */ = {
			isa = PBXVariantGroup;
			children = (
				DB19A03D2B7BEBF6006B44B9 /* Base */,
			);
			name = LaunchScreen.storyboard;
			sourceTree = "<group>";
		};
/* End PBXVariantGroup section */

/* Begin XCBuildConfiguration section */
		DB19A0402B7BEBF6006B44B9 /* Debug */ = {
			isa = XCBuildConfiguration;
			buildSettings = {
				ALWAYS_SEARCH_USER_PATHS = NO;
				ASSETCATALOG_COMPILER_GENERATE_SWIFT_ASSET_SYMBOL_EXTENSIONS = YES;
				CLANG_ANALYZER_NONNULL = YES;
				CLANG_ANALYZER_NUMBER_OBJECT_CONVERSION = YES_AGGRESSIVE;
				CLANG_CXX_LANGUAGE_STANDARD = "gnu++20";
				CLANG_ENABLE_MODULES = YES;
				CLANG_ENABLE_OBJC_ARC = YES;
				CLANG_ENABLE_OBJC_WEAK = YES;
				CLANG_WARN_BLOCK_CAPTURE_AUTORELEASING = YES;
				CLANG_WARN_BOOL_CONVERSION = YES;
				CLANG_WARN_COMMA = YES;
				CLANG_WARN_CONSTANT_CONVERSION = YES;
				CLANG_WARN_DEPRECATED_OBJC_IMPLEMENTATIONS = YES;
				CLANG_WARN_DIRECT_OBJC_ISA_USAGE = YES_ERROR;
				CLANG_WARN_DOCUMENTATION_COMMENTS = YES;
				CLANG_WARN_EMPTY_BODY = YES;
				CLANG_WARN_ENUM_CONVERSION = YES;
				CLANG_WARN_INFINITE_RECURSION = YES;
				CLANG_WARN_INT_CONVERSION = YES;
				CLANG_WARN_NON_LITERAL_NULL_CONVERSION = YES;
				CLANG_WARN_OBJC_IMPLICIT_RETAIN_SELF = YES;
				CLANG_WARN_OBJC_LITERAL_CONVERSION = YES;
				CLANG_WARN_OBJC_ROOT_CLASS = YES_ERROR;
				CLANG_WARN_QUOTED_INCLUDE_IN_FRAMEWORK_HEADER = YES;
				CLANG_WARN_RANGE_LOOP_ANALYSIS = YES;
				CLANG_WARN_STRICT_PROTOTYPES = YES;
				CLANG_WARN_SUSPICIOUS_MOVE = YES;
				CLANG_WARN_UNGUARDED_AVAILABILITY = YES_AGGRESSIVE;
				CLANG_WARN_UNREACHABLE_CODE = YES;
				CLANG_WARN__DUPLICATE_METHOD_MATCH = YES;
				COPY_PHASE_STRIP = NO;
				DEBUG_INFORMATION_FORMAT = dwarf;
				ENABLE_STRICT_OBJC_MSGSEND = YES;
				ENABLE_TESTABILITY = YES;
				ENABLE_USER_SCRIPT_SANDBOXING = NO;
				GCC_C_LANGUAGE_STANDARD = gnu17;
				GCC_DYNAMIC_NO_PIC = NO;
				GCC_NO_COMMON_BLOCKS = YES;
				GCC_OPTIMIZATION_LEVEL = 0;
				GCC_PREPROCESSOR_DEFINITIONS = (
					"DEBUG=1",
					"$(inherited)",
				);
				GCC_WARN_64_TO_32_BIT_CONVERSION = YES;
				GCC_WARN_ABOUT_RETURN_TYPE = YES_ERROR;
				GCC_WARN_UNDECLARED_SELECTOR = YES;
				GCC_WARN_UNINITIALIZED_AUTOS = YES_AGGRESSIVE;
				GCC_WARN_UNUSED_FUNCTION = YES;
				GCC_WARN_UNUSED_VARIABLE = YES;
				IPHONEOS_DEPLOYMENT_TARGET = 17.2;
				LOCALIZATION_PREFERS_STRING_CATALOGS = YES;
				MTL_ENABLE_DEBUG_INFO = INCLUDE_SOURCE;
				MTL_FAST_MATH = YES;
				ONLY_ACTIVE_ARCH = YES;
				SDKROOT = iphoneos;
				SWIFT_ACTIVE_COMPILATION_CONDITIONS = "DEBUG $(inherited)";
				SWIFT_OPTIMIZATION_LEVEL = "-Onone";
			};
			name = Debug;
		};
		DB19A0412B7BEBF6006B44B9 /* Release */ = {
			isa = XCBuildConfiguration;
			buildSettings = {
				ALWAYS_SEARCH_USER_PATHS = NO;
				ASSETCATALOG_COMPILER_GENERATE_SWIFT_ASSET_SYMBOL_EXTENSIONS = YES;
				CLANG_ANALYZER_NONNULL = YES;
				CLANG_ANALYZER_NUMBER_OBJECT_CONVERSION = YES_AGGRESSIVE;
				CLANG_CXX_LANGUAGE_STANDARD = "gnu++20";
				CLANG_ENABLE_MODULES = YES;
				CLANG_ENABLE_OBJC_ARC = YES;
				CLANG_ENABLE_OBJC_WEAK = YES;
				CLANG_WARN_BLOCK_CAPTURE_AUTORELEASING = YES;
				CLANG_WARN_BOOL_CONVERSION = YES;
				CLANG_WARN_COMMA = YES;
				CLANG_WARN_CONSTANT_CONVERSION = YES;
				CLANG_WARN_DEPRECATED_OBJC_IMPLEMENTATIONS = YES;
				CLANG_WARN_DIRECT_OBJC_ISA_USAGE = YES_ERROR;
				CLANG_WARN_DOCUMENTATION_COMMENTS = YES;
				CLANG_WARN_EMPTY_BODY = YES;
				CLANG_WARN_ENUM_CONVERSION = YES;
				CLANG_WARN_INFINITE_RECURSION = YES;
				CLANG_WARN_INT_CONVERSION = YES;
				CLANG_WARN_NON_LITERAL_NULL_CONVERSION = YES;
				CLANG_WARN_OBJC_IMPLICIT_RETAIN_SELF = YES;
				CLANG_WARN_OBJC_LITERAL_CONVERSION = YES;
				CLANG_WARN_OBJC_ROOT_CLASS = YES_ERROR;
				CLANG_WARN_QUOTED_INCLUDE_IN_FRAMEWORK_HEADER = YES;
				CLANG_WARN_RANGE_LOOP_ANALYSIS = YES;
				CLANG_WARN_STRICT_PROTOTYPES = YES;
				CLANG_WARN_SUSPICIOUS_MOVE = YES;
				CLANG_WARN_UNGUARDED_AVAILABILITY = YES_AGGRESSIVE;
				CLANG_WARN_UNREACHABLE_CODE = YES;
				CLANG_WARN__DUPLICATE_METHOD_MATCH = YES;
				COPY_PHASE_STRIP = NO;
				DEBUG_INFORMATION_FORMAT = "dwarf-with-dsym";
				ENABLE_NS_ASSERTIONS = NO;
				ENABLE_STRICT_OBJC_MSGSEND = YES;
				ENABLE_USER_SCRIPT_SANDBOXING = NO;
				GCC_C_LANGUAGE_STANDARD = gnu17;
				GCC_NO_COMMON_BLOCKS = YES;
				GCC_WARN_64_TO_32_BIT_CONVERSION = YES;
				GCC_WARN_ABOUT_RETURN_TYPE = YES_ERROR;
				GCC_WARN_UNDECLARED_SELECTOR = YES;
				GCC_WARN_UNINITIALIZED_AUTOS = YES_AGGRESSIVE;
				GCC_WARN_UNUSED_FUNCTION = YES;
				GCC_WARN_UNUSED_VARIABLE = YES;
				IPHONEOS_DEPLOYMENT_TARGET = 17.2;
				LOCALIZATION_PREFERS_STRING_CATALOGS = YES;
				MTL_ENABLE_DEBUG_INFO = NO;
				MTL_FAST_MATH = YES;
				SDKROOT = iphoneos;
				SWIFT_COMPILATION_MODE = wholemodule;
				VALIDATE_PRODUCT = YES;
			};
			name = Release;
		};
		DB19A0432B7BEBF6006B44B9 /* Debug */ = {
			isa = XCBuildConfiguration;
			baseConfigurationReference = C3802B23799F197596ABA611 /* Pods-FinnApp.debug.xcconfig */;
			buildSettings = {
				ASSETCATALOG_COMPILER_APPICON_NAME = AppIcon;
				ASSETCATALOG_COMPILER_GLOBAL_ACCENT_COLOR_NAME = AccentColor;
				CODE_SIGN_STYLE = Automatic;
				CURRENT_PROJECT_VERSION = 1;
				GENERATE_INFOPLIST_FILE = YES;
				INFOPLIST_FILE = FinnApp/Info.plist;
				INFOPLIST_KEY_UIApplicationSupportsIndirectInputEvents = YES;
				INFOPLIST_KEY_UILaunchStoryboardName = LaunchScreen;
				INFOPLIST_KEY_UIMainStoryboardFile = Main;
				INFOPLIST_KEY_UIStatusBarStyle = "";
				INFOPLIST_KEY_UISupportedInterfaceOrientations_iPad = "UIInterfaceOrientationPortrait UIInterfaceOrientationPortraitUpsideDown UIInterfaceOrientationLandscapeLeft UIInterfaceOrientationLandscapeRight";
				INFOPLIST_KEY_UISupportedInterfaceOrientations_iPhone = "UIInterfaceOrientationPortrait UIInterfaceOrientationLandscapeLeft UIInterfaceOrientationLandscapeRight";
				LD_RUNPATH_SEARCH_PATHS = (
					"$(inherited)",
					"@executable_path/Frameworks",
				);
				MARKETING_VERSION = 1.0;
				PRODUCT_BUNDLE_IDENTIFIER = one.FinnApp;
				PRODUCT_NAME = "$(TARGET_NAME)";
				SWIFT_EMIT_LOC_STRINGS = YES;
				SWIFT_VERSION = 5.0;
				TARGETED_DEVICE_FAMILY = "1,2";
			};
			name = Debug;
		};
		DB19A0442B7BEBF6006B44B9 /* Release */ = {
			isa = XCBuildConfiguration;
			baseConfigurationReference = 30178607B989B1E0F526C040 /* Pods-FinnApp.release.xcconfig */;
			buildSettings = {
				ASSETCATALOG_COMPILER_APPICON_NAME = AppIcon;
				ASSETCATALOG_COMPILER_GLOBAL_ACCENT_COLOR_NAME = AccentColor;
				CODE_SIGN_STYLE = Automatic;
				CURRENT_PROJECT_VERSION = 1;
				GENERATE_INFOPLIST_FILE = YES;
				INFOPLIST_FILE = FinnApp/Info.plist;
				INFOPLIST_KEY_UIApplicationSupportsIndirectInputEvents = YES;
				INFOPLIST_KEY_UILaunchStoryboardName = LaunchScreen;
				INFOPLIST_KEY_UIMainStoryboardFile = Main;
				INFOPLIST_KEY_UIStatusBarStyle = "";
				INFOPLIST_KEY_UISupportedInterfaceOrientations_iPad = "UIInterfaceOrientationPortrait UIInterfaceOrientationPortraitUpsideDown UIInterfaceOrientationLandscapeLeft UIInterfaceOrientationLandscapeRight";
				INFOPLIST_KEY_UISupportedInterfaceOrientations_iPhone = "UIInterfaceOrientationPortrait UIInterfaceOrientationLandscapeLeft UIInterfaceOrientationLandscapeRight";
				LD_RUNPATH_SEARCH_PATHS = (
					"$(inherited)",
					"@executable_path/Frameworks",
				);
				MARKETING_VERSION = 1.0;
				PRODUCT_BUNDLE_IDENTIFIER = one.FinnApp;
				PRODUCT_NAME = "$(TARGET_NAME)";
				SWIFT_EMIT_LOC_STRINGS = YES;
				SWIFT_VERSION = 5.0;
				TARGETED_DEVICE_FAMILY = "1,2";
			};
			name = Release;
		};
/* End XCBuildConfiguration section */

/* Begin XCConfigurationList section */
		DB19A0292B7BEBF1006B44B9 /* Build configuration list for PBXProject "FinnApp" */ = {
			isa = XCConfigurationList;
			buildConfigurations = (
				DB19A0402B7BEBF6006B44B9 /* Debug */,
				DB19A0412B7BEBF6006B44B9 /* Release */,
			);
			defaultConfigurationIsVisible = 0;
			defaultConfigurationName = Release;
		};
		DB19A0422B7BEBF6006B44B9 /* Build configuration list for PBXNativeTarget "FinnApp" */ = {
			isa = XCConfigurationList;
			buildConfigurations = (
				DB19A0432B7BEBF6006B44B9 /* Debug */,
				DB19A0442B7BEBF6006B44B9 /* Release */,
			);
			defaultConfigurationIsVisible = 0;
			defaultConfigurationName = Release;
		};
/* End XCConfigurationList section */

/* Begin XCVersionGroup section */
		225014A02BF15F7B007BD4A1 /* FinnModel.xcdatamodeld */ = {
			isa = XCVersionGroup;
			children = (
				225014A12BF15F7B007BD4A1 /* FinnModel.xcdatamodel */,
			);
			currentVersion = 225014A12BF15F7B007BD4A1 /* FinnModel.xcdatamodel */;
			path = FinnModel.xcdatamodeld;
			sourceTree = "<group>";
			versionGroupType = wrapper.xcdatamodel;
		};
/* End XCVersionGroup section */
	};
	rootObject = DB19A0262B7BEBF1006B44B9 /* Project object */;
}
